<?xml version="1.0" encoding="UTF-8" standalone="yes" ?>
<CodeBlocks_project_file>
	<FileVersion major="1" minor="6" />
	<Project>
		<Option title="Solarstrings Sprite Rotater" />
		<Option pch_mode="2" />
		<Option compiler="gcc" />
		<Build>
			<Target title="Debug">
				<Option output="bin\Debug\Solarstrings Sprite Rotater" prefix_auto="1" extension_auto="1" />
				<Option object_output="obj\Debug\" />
				<Option type="1" />
				<Option compiler="gcc" />
				<Compiler>
					<Add option="-g" />
				</Compiler>
			</Target>
			<Target title="Release">
				<Option output="bin\Release\Solarstrings Sprite Rotater" prefix_auto="1" extension_auto="1" />
				<Option object_output="obj\Release\" />
				<Option type="1" />
				<Option compiler="gcc" />
				<Compiler>
					<Add option="-O2" />
				</Compiler>
				<Linker>
					<Add option="-s" />
				</Linker>
			</Target>
		</Build>
		<Compiler>
			<Add option="-Wall" />
			<Add directory="C:\Program Files (x86)\CodeBlocks\MinGW\include\SDL" />
		</Compiler>
		<Linker>
			<Add library="C:\Program Files (x86)\CodeBlocks\MinGW\lib\libmingw32.a" />
			<Add library="C:\Program Files (x86)\CodeBlocks\MinGW\lib\libSDLmain.a" />
			<Add library="C:\Program Files (x86)\CodeBlocks\MinGW\lib\SDL.lib" />
			<Add library="C:\Program Files (x86)\CodeBlocks\MinGW\lib\SDL_image.lib" />
			<Add library="C:\Program Files (x86)\CodeBlocks\MinGW\lib\libpng12-0.dll" />
		</Linker>
		<Unit filename="IMG_savepng.c">
			<Option compilerVar="CC" />
		</Unit>
		<Unit filename="IMG_savepng.h" />
		<Unit filename="font.c">
			<Option compilerVar="CC" />
		</Unit>
		<Unit filename="font.h" />
		<Unit filename="gfx.c">
			<Option compilerVar="CC" />
		</Unit>
		<Unit filename="gfx.h" />
		<Unit filename="scale2x.c">
			<Option compilerVar="CC" />
		</Unit>
		<Unit filename="scale2x.h" />
		<Unit filename="scandir.c">
			<Option compilerVar="CC" />
		</Unit>
		<Unit filename="scandir.h" />
		<Unit filename="spriterotate.c">
			<Option compilerVar="CC" />
		</Unit>
		<Extensions>
			<code_completion />
			<debugger />
		</Extensions>
	</Project>
</CodeBlocks_project_file>
